lockfileVersion: '6.0'

settings:
  autoInstallPeers: true
  excludeLinksFromLockfile: false

dependencies:
  piscina:
    specifier: ^5.1.4
    version: 5.1.4

packages:

  /@napi-rs/nice-android-arm-eabi@1.1.1:
    resolution: {integrity: sha512-kjirL3N6TnRPv5iuHw36wnucNqXAO46dzK9oPb0wj076R5Xm8PfUVA9nAFB5ZNMmfJQJVKACAPd/Z2KYMppthw==}
    engines: {node: '>= 10'}
    cpu: [arm]
    os: [android]
    requiresBuild: true
    dev: false
    optional: true

  /@napi-rs/nice-android-arm64@1.1.1:
    resolution: {integrity: sha512-blG0i7dXgbInN5urONoUCNf+DUEAavRffrO7fZSeoRMJc5qD+BJeNcpr54msPF6qfDD6kzs9AQJogZvT2KD5nw==}
    engines: {node: '>= 10'}
    cpu: [arm64]
    os: [android]
    requiresBuild: true
    dev: false
    optional: true

  /@napi-rs/nice-darwin-arm64@1.1.1:
    resolution: {integrity: sha512-s/E7w45NaLqTGuOjC2p96pct4jRfo61xb9bU1unM/MJ/RFkKlJyJDx7OJI/O0ll/hrfpqKopuAFDV8yo0hfT7A==}
    engines: {node: '>= 10'}
    cpu: [arm64]
    os: [darwin]
    requiresBuild: true
    dev: false
    optional: true

  /@napi-rs/nice-darwin-x64@1.1.1:
    resolution: {integrity: sha512-dGoEBnVpsdcC+oHHmW1LRK5eiyzLwdgNQq3BmZIav+9/5WTZwBYX7r5ZkQC07Nxd3KHOCkgbHSh4wPkH1N1LiQ==}
    engines: {node: '>= 10'}
    cpu: [x64]
    os: [darwin]
    requiresBuild: true
    dev: false
    optional: true

  /@napi-rs/nice-freebsd-x64@1.1.1:
    resolution: {integrity: sha512-kHv4kEHAylMYmlNwcQcDtXjklYp4FCf0b05E+0h6nDHsZ+F0bDe04U/tXNOqrx5CmIAth4vwfkjjUmp4c4JktQ==}
    engines: {node: '>= 10'}
    cpu: [x64]
    os: [freebsd]
    requiresBuild: true
    dev: false
    optional: true

  /@napi-rs/nice-linux-arm-gnueabihf@1.1.1:
    resolution: {integrity: sha512-E1t7K0efyKXZDoZg1LzCOLxgolxV58HCkaEkEvIYQx12ht2pa8hoBo+4OB3qh7e+QiBlp1SRf+voWUZFxyhyqg==}
    engines: {node: '>= 10'}
    cpu: [arm]
    os: [linux]
    requiresBuild: true
    dev: false
    optional: true

  /@napi-rs/nice-linux-arm64-gnu@1.1.1:
    resolution: {integrity: sha512-CIKLA12DTIZlmTaaKhQP88R3Xao+gyJxNWEn04wZwC2wmRapNnxCUZkVwggInMJvtVElA+D4ZzOU5sX4jV+SmQ==}
    engines: {node: '>= 10'}
    cpu: [arm64]
    os: [linux]
    libc: [glibc]
    requiresBuild: true
    dev: false
    optional: true

  /@napi-rs/nice-linux-arm64-musl@1.1.1:
    resolution: {integrity: sha512-+2Rzdb3nTIYZ0YJF43qf2twhqOCkiSrHx2Pg6DJaCPYhhaxbLcdlV8hCRMHghQ+EtZQWGNcS2xF4KxBhSGeutg==}
    engines: {node: '>= 10'}
    cpu: [arm64]
    os: [linux]
    libc: [musl]
    requiresBuild: true
    dev: false
    optional: true

  /@napi-rs/nice-linux-ppc64-gnu@1.1.1:
    resolution: {integrity: sha512-4FS8oc0GeHpwvv4tKciKkw3Y4jKsL7FRhaOeiPei0X9T4Jd619wHNe4xCLmN2EMgZoeGg+Q7GY7BsvwKpL22Tg==}
    engines: {node: '>= 10'}
    cpu: [ppc64]
    os: [linux]
    libc: [glibc]
    requiresBuild: true
    dev: false
    optional: true

  /@napi-rs/nice-linux-riscv64-gnu@1.1.1:
    resolution: {integrity: sha512-HU0nw9uD4FO/oGCCk409tCi5IzIZpH2agE6nN4fqpwVlCn5BOq0MS1dXGjXaG17JaAvrlpV5ZeyZwSon10XOXw==}
    engines: {node: '>= 10'}
    cpu: [riscv64]
    os: [linux]
    libc: [glibc]
    requiresBuild: true
    dev: false
    optional: true

  /@napi-rs/nice-linux-s390x-gnu@1.1.1:
    resolution: {integrity: sha512-2YqKJWWl24EwrX0DzCQgPLKQBxYDdBxOHot1KWEq7aY2uYeX+Uvtv4I8xFVVygJDgf6/92h9N3Y43WPx8+PAgQ==}
    engines: {node: '>= 10'}
    cpu: [s390x]
    os: [linux]
    libc: [glibc]
    requiresBuild: true
    dev: false
    optional: true

  /@napi-rs/nice-linux-x64-gnu@1.1.1:
    resolution: {integrity: sha512-/gaNz3R92t+dcrfCw/96pDopcmec7oCcAQ3l/M+Zxr82KT4DljD37CpgrnXV+pJC263JkW572pdbP3hP+KjcIg==}
    engines: {node: '>= 10'}
    cpu: [x64]
    os: [linux]
    libc: [glibc]
    requiresBuild: true
    dev: false
    optional: true

  /@napi-rs/nice-linux-x64-musl@1.1.1:
    resolution: {integrity: sha512-xScCGnyj/oppsNPMnevsBe3pvNaoK7FGvMjT35riz9YdhB2WtTG47ZlbxtOLpjeO9SqqQ2J2igCmz6IJOD5JYw==}
    engines: {node: '>= 10'}
    cpu: [x64]
    os: [linux]
    libc: [musl]
    requiresBuild: true
    dev: false
    optional: true

  /@napi-rs/nice-openharmony-arm64@1.1.1:
    resolution: {integrity: sha512-6uJPRVwVCLDeoOaNyeiW0gp2kFIM4r7PL2MczdZQHkFi9gVlgm+Vn+V6nTWRcu856mJ2WjYJiumEajfSm7arPQ==}
    engines: {node: '>= 10'}
    cpu: [arm64]
    os: [openharmony]
    requiresBuild: true
    dev: false
    optional: true

  /@napi-rs/nice-win32-arm64-msvc@1.1.1:
    resolution: {integrity: sha512-uoTb4eAvM5B2aj/z8j+Nv8OttPf2m+HVx3UjA5jcFxASvNhQriyCQF1OB1lHL43ZhW+VwZlgvjmP5qF3+59atA==}
    engines: {node: '>= 10'}
    cpu: [arm64]
    os: [win32]
    requiresBuild: true
    dev: false
    optional: true

  /@napi-rs/nice-win32-ia32-msvc@1.1.1:
    resolution: {integrity: sha512-CNQqlQT9MwuCsg1Vd/oKXiuH+TcsSPJmlAFc5frFyX/KkOh0UpBLEj7aoY656d5UKZQMQFP7vJNa1DNUNORvug==}
    engines: {node: '>= 10'}
    cpu: [ia32]
    os: [win32]
    requiresBuild: true
    dev: false
    optional: true

  /@napi-rs/nice-win32-x64-msvc@1.1.1:
    resolution: {integrity: sha512-vB+4G/jBQCAh0jelMTY3+kgFy00Hlx2f2/1zjMoH821IbplbWZOkLiTYXQkygNTzQJTq5cvwBDgn2ppHD+bglQ==}
    engines: {node: '>= 10'}
    cpu: [x64]
    os: [win32]
    requiresBuild: true
    dev: false
    optional: true

  /@napi-rs/nice@1.1.1:
    resolution: {integrity: sha512-xJIPs+bYuc9ASBl+cvGsKbGrJmS6fAKaSZCnT0lhahT5rhA2VVy9/EcIgd2JhtEuFOJNx7UHNn/qiTPTY4nrQw==}
    engines: {node: '>= 10'}
    requiresBuild: true
    optionalDependencies:
      '@napi-rs/nice-android-arm-eabi': 1.1.1
      '@napi-rs/nice-android-arm64': 1.1.1
      '@napi-rs/nice-darwin-arm64': 1.1.1
      '@napi-rs/nice-darwin-x64': 1.1.1
      '@napi-rs/nice-freebsd-x64': 1.1.1
      '@napi-rs/nice-linux-arm-gnueabihf': 1.1.1
      '@napi-rs/nice-linux-arm64-gnu': 1.1.1
      '@napi-rs/nice-linux-arm64-musl': 1.1.1
      '@napi-rs/nice-linux-ppc64-gnu': 1.1.1
      '@napi-rs/nice-linux-riscv64-gnu': 1.1.1
      '@napi-rs/nice-linux-s390x-gnu': 1.1.1
      '@napi-rs/nice-linux-x64-gnu': 1.1.1
      '@napi-rs/nice-linux-x64-musl': 1.1.1
      '@napi-rs/nice-openharmony-arm64': 1.1.1
      '@napi-rs/nice-win32-arm64-msvc': 1.1.1
      '@napi-rs/nice-win32-ia32-msvc': 1.1.1
      '@napi-rs/nice-win32-x64-msvc': 1.1.1
    dev: false
    optional: true

  /piscina@5.1.4:
    resolution: {integrity: sha512-7uU4ZnKeQq22t9AsmHGD2w4OYQGonwFnTypDypaWi7Qr2EvQIFVtG8J5D/3bE7W123Wdc9+v4CZDu5hJXVCtBg==}
    engines: {node: '>=20.x'}
    optionalDependencies:
      '@napi-rs/nice': 1.1.1
    dev: false
