lockfileVersion: '6.0'

settings:
  autoInstallPeers: true
  excludeLinksFromLockfile: false

dependencies:
  axios:
    specifier: ^1.13.2
    version: 1.18.1
  ol:
    specifier: ^10.7.0
    version: 10.9.0
  vue:
    specifier: ^3.5.24
    version: 3.5.40

devDependencies:
  '@vitejs/plugin-vue':
    specifier: ^6.0.1
    version: 6.0.8(vite@7.3.6)(vue@3.5.40)
  vite:
    specifier: ^7.2.4
    version: 7.3.6

packages:

  /@babel/helper-string-parser@7.29.7:
    resolution: {integrity: sha512-Pb5ijPrZ89GDH8223L4UP8i6QApWxs04RbPQJTeWDV0/keR2E36MeKnyr6LYmUUvqRRI+Iv87SuF1W6ErINzYw==}
    engines: {node: '>=6.9.0'}

  /@babel/helper-validator-identifier@7.29.7:
    resolution: {integrity: sha512-qehxGkRj55h/ff8EMaJ+cYhyaKlHIxqYDn682wQD7RNp9UujOQsHog2uS0r2vzr4pW+sXf90NeeayjcNaX3fFg==}
    engines: {node: '>=6.9.0'}

  /@babel/parser@7.29.7:
    resolution: {integrity: sha512-hnORnjP/1P/zFEndoeX+n+t1RwWRJiJpM/jO7FW32Kn9r5+sJB2JWOdYo4L6k78j15eCwY3Gm/7364B1EMwtNg==}
    engines: {node: '>=6.0.0'}
    hasBin: true
    dependencies:
      '@babel/types': 7.29.7

  /@babel/types@7.29.7:
    resolution: {integrity: sha512-4zBIxpPzowiZpusoFkyGVwakdRJUyuH5PxQ/PrqghfdFWWasvnCdPfQXHrenDai+gyLARulZjZowCOj6fjT4pA==}
    engines: {node: '>=6.9.0'}
    dependencies:
      '@babel/helper-string-parser': 7.29.7
      '@babel/helper-validator-identifier': 7.29.7

  /@esbuild/aix-ppc64@0.28.1:
    resolution: {integrity: sha512-Svl7tq8k/08+p6CXPpRjQ1fKX+1odH/BQbb48fV6fj3CWHhsoIOoY87w1oHXm0qEpkIK3ZfVgp0hed3XBXzXMQ==}
    engines: {node: '>=18'}
    cpu: [ppc64]
    os: [aix]
    requiresBuild: true
    dev: true
    optional: true

  /@esbuild/android-arm64@0.28.1:
    resolution: {integrity: sha512-34EGEbCIAgosYz6goLcopX6Mo7NyGv9tfwEM2/7Ce2VcVRk568iSvniGWcUXIy7wEDR1wzolcxcriFVrWYcwBg==}
    engines: {node: '>=18'}
    cpu: [arm64]
    os: [android]
    requiresBuild: true
    dev: true
    optional: true

  /@esbuild/android-arm@0.28.1:
    resolution: {integrity: sha512-0k2F129Xdio1TdJfzJ8sy1Q47vUD2NnwdhiAf7drUN1EBTfPf4hsFCtmMgu/6m8JSzsBrlmVjudMBQqOfG8usQ==}
    engines: {node: '>=18'}
    cpu: [arm]
    os: [android]
    requiresBuild: true
    dev: true
    optional: true

  /@esbuild/android-x64@0.28.1:
    resolution: {integrity: sha512-dbwY7ltSMDWsRatcRpCnES4F+im88OCUgGZjy52shC7GqHRE/cYlxNbB4Z4UpJswpcc4Qxd2oE/ufM0p61IKng==}
    engines: {node: '>=18'}
    cpu: [x64]
    os: [android]
    requiresBuild: true
    dev: true
    optional: true

  /@esbuild/darwin-arm64@0.28.1:
    resolution: {integrity: sha512-TZbWkQY7kvTAXbXUT7uVACR5cMHsDiSz9z7ZKAX/RTq/WJEk3QyRr0wZpNhBDX+/0CtdqUIJlOiodQcta6tY3Q==}
    engines: {node: '>=18'}
    cpu: [arm64]
    os: [darwin]
    requiresBuild: true
    dev: true
    optional: true

  /@esbuild/darwin-x64@0.28.1:
    resolution: {integrity: sha512-zfdzgK9ACBNZLI/CyHTOx81SyNbM6YXn7rxSgX97VjyiPl9W1i4Ka4fgKECEoFCKGpvBj5qArWIGgQjOwkgskQ==}
    engines: {node: '>=18'}
    cpu: [x64]
    os: [darwin]
    requiresBuild: true
    dev: true
    optional: true

  /@esbuild/freebsd-arm64@0.28.1:
    resolution: {integrity: sha512-wG2EA8ENdEI0qhkSZMjfqrdY+ziCYCPMmtZjjIwOmXFjmyzEHn+UUxk5of+SYsjtfs3VpnlC7QLzSI5hY/rOAw==}
    engines: {node: '>=18'}
    cpu: [arm64]
    os: [freebsd]
    requiresBuild: true
    dev: true
    optional: true

  /@esbuild/freebsd-x64@0.28.1:
    resolution: {integrity: sha512-i7dZ9vQgnvSCzi/rYCXNgtF/U+eKZNJBzu3eTQbRgHnM7tNSizLOkRFAl3qzVc/Op/u5YkHHa4pf/3DOYHthLQ==}
    engines: {node: '>=18'}
    cpu: [x64]
    os: [freebsd]
    requiresBuild: true
    dev: true
    optional: true

  /@esbuild/linux-arm64@0.28.1:
    resolution: {integrity: sha512-yHs+0uc8+nvEAfAfxrWQKK5peSNzBc4PegcMO0EJ2hT71uA7vB8Ihg2e77R2P7SG5uYjPbHlLLmve4LLLRCf0g==}
    engines: {node: '>=18'}
    cpu: [arm64]
    os: [linux]
    requiresBuild: true
    dev: true
    optional: true

  /@esbuild/linux-arm@0.28.1:
    resolution: {integrity: sha512-qVXBOHQS+d5Y722GwJzJUtOLlX7km3CraOaGormF1pDtPd2C/l1SHRPgjLunLGe51Sh5YYWKMFDyV4SxgMQYTQ==}
    engines: {node: '>=18'}
    cpu: [arm]
    os: [linux]
    requiresBuild: true
    dev: true
    optional: true

  /@esbuild/linux-ia32@0.28.1:
    resolution: {integrity: sha512-d1z4ZuP0ajrfz/FhGT4vv278rX8KnPPJx8i5+AtK7TYbx9Le9F1hyzurZpkEyjkGa9dUGhQow4C1NmeGvqxN2w==}
    engines: {node: '>=18'}
    cpu: [ia32]
    os: [linux]
    requiresBuild: true
    dev: true
    optional: true

  /@esbuild/linux-loong64@0.28.1:
    resolution: {integrity: sha512-M5sRjUVZrkm1OAPR3dlOYzNmN+loZKGVi1VUQGrwuqLcbR6qeAz+famMhjASeH3YVKvZz+zT1jlh/keC3Rj/lg==}
    engines: {node: '>=18'}
    cpu: [loong64]
    os: [linux]
    requiresBuild: true
    dev: true
    optional: true

  /@esbuild/linux-mips64el@0.28.1:
    resolution: {integrity: sha512-mRObBZeHh2OxcBFPWE/FjylkRgZdYuiTR3vaTozquCGOH14iP9oN4x4Ge81CoIDYQrXmIxpFumJBu5MtZpnQJQ==}
    engines: {node: '>=18'}
    cpu: [mips64el]
    os: [linux]
    requiresBuild: true
    dev: true
    optional: true

  /@esbuild/linux-ppc64@0.28.1:
    resolution: {integrity: sha512-slScBsMAb3GFDcdrCgLwZtPYRoH2H/youv10QiZyRjmsP48fznoveWytSgCI/R0ZcUgpc0ZhIUEx6LHts8yrfQ==}
    engines: {node: '>=18'}
    cpu: [ppc64]
    os: [linux]
    requiresBuild: true
    dev: true
    optional: true

  /@esbuild/linux-riscv64@0.28.1:
    resolution: {integrity: sha512-kw0owk1o0GFETUJyW0jc0G4Yzs0BHZn0JDZ8JRT088vjJYX777BAs1fDGxAC+q831qOs2DTC96mNsG2opdfyyQ==}
    engines: {node: '>=18'}
    cpu: [riscv64]
    os: [linux]
    requiresBuild: true
    dev: true
    optional: true

  /@esbuild/linux-s390x@0.28.1:
    resolution: {integrity: sha512-/lAIjX8aYFRByhh6L5rYtPEDRqa9de/4V/juOXcta5frjvzXO4/sqEtyytse0g3zZFuWu5cDN0MkLz2qRDD2Ag==}
    engines: {node: '>=18'}
    cpu: [s390x]
    os: [linux]
    requiresBuild: true
    dev: true
    optional: true

  /@esbuild/linux-x64@0.28.1:
    resolution: {integrity: sha512-u/anNYF2mmVOEDwLtnQ1wOr3EZ9sTNGLWrsYGYwHWzGA3Si84IOkHXlbWTD1NB+9/1lcnweYKO54uhxZydNzfA==}
    engines: {node: '>=18'}
    cpu: [x64]
    os: [linux]
    requiresBuild: true
    dev: true
    optional: true

  /@esbuild/netbsd-arm64@0.28.1:
    resolution: {integrity: sha512-oks0DYbLwWMmaakTsCb+zL4E+aHRVLom9IJZOAthMQEPiQmydXHkziYEsGYRx0uNV/IjEKGAV941JzH02pflqw==}
    engines: {node: '>=18'}
    cpu: [arm64]
    os: [netbsd]
    requiresBuild: true
    dev: true
    optional: true

  /@esbuild/netbsd-x64@0.28.1:
    resolution: {integrity: sha512-aeL6lAnN89Hz43Mlh1G8ARasbuoYvSITDEx0tHh5b7jJnHcssqgjy9Yx430GDpmCa6OyrKoS0aNRjKundRizGg==}
    engines: {node: '>=18'}
    cpu: [x64]
    os: [netbsd]
    requiresBuild: true
    dev: true
    optional: true

  /@esbuild/openbsd-arm64@0.28.1:
    resolution: {integrity: sha512-MEFJe5C3R8pwXdZ5Y21oo6m7ePiS0d9pWucn99O/wvyJZChoIQKrQDxKrGeW8F5+T0okTHesAmDeiHDTIq0V/Q==}
    engines: {node: '>=18'}
    cpu: [arm64]
    os: [openbsd]
    requiresBuild: true
    dev: true
    optional: true

  /@esbuild/openbsd-x64@0.28.1:
    resolution: {integrity: sha512-i/ZLIOafE0Z8cI/XANJAixoJL/uRAoS2xOA3rb0xN+KK0K177cMAsQYkzHtBrtMXAKuAc7HGgcWiZ/sRC1Nxgw==}
    engines: {node: '>=18'}
    cpu: [x64]
    os: [openbsd]
    requiresBuild: true
    dev: true
    optional: true

  /@esbuild/openharmony-arm64@0.28.1:
    resolution: {integrity: sha512-ge+Z7EXFNt2BO1oAMsVpiQ8EwndV9i1xXerAeTIK7AtPs3bKFXQM7nlRxDSIUIMeueR1CNXxqztLzdNeReKBJg==}
    engines: {node: '>=18'}
    cpu: [arm64]
    os: [openharmony]
    requiresBuild: true
    dev: true
    optional: true

  /@esbuild/sunos-x64@0.28.1:
    resolution: {integrity: sha512-BEjgtECkL3vY+SaSQ6nzVfiALUeFxpawyp8Jmf5PtYhf1Ug40N1h/hxlhts+f1FvSvarEigdxS3BlSMI2PJLcQ==}
    engines: {node: '>=18'}
    cpu: [x64]
    os: [sunos]
    requiresBuild: true
    dev: true
    optional: true

  /@esbuild/win32-arm64@0.28.1:
    resolution: {integrity: sha512-lCv9eK/H6ZJWbE7bh2nw54CZ9M2nupBxJcTsdk/QQnWkdSjKGuxmmH8/GWrlT1eMmZfn4dGcCjRte397WqfQXA==}
    engines: {node: '>=18'}
    cpu: [arm64]
    os: [win32]
    requiresBuild: true
    dev: true
    optional: true

  /@esbuild/win32-ia32@0.28.1:
    resolution: {integrity: sha512-zvb/mB2bSCoJOpoCBgYKKpX6YM6mJBlBUVUtVj41DlZJVEB6/0CKlRYxP5wWl1C1ILiCoAU5wZZ4q1P3qeS6Eg==}
    engines: {node: '>=18'}
    cpu: [ia32]
    os: [win32]
    requiresBuild: true
    dev: true
    optional: true

  /@esbuild/win32-x64@0.28.1:
    resolution: {integrity: sha512-bm4Mowrv+GXMlpWX++EcXw/iLyd1o3+bJkC2DkWXYVvgZCqD/bSj9ctZeAMC3cIxgjRVR2Dufaiu4YPxr5gW1A==}
    engines: {node: '>=18'}
    cpu: [x64]
    os: [win32]
    requiresBuild: true
    dev: true
    optional: true

  /@jridgewell/sourcemap-codec@1.5.5:
    resolution: {integrity: sha512-cYQ9310grqxueWbl+WuIUIaiUaDcj7WOq5fVhEljNVgRfOUhY9fy2zTvfoqWsnebh8Sl70VScFbICvJnLKB0Og==}

  /@petamoriken/float16@3.9.3:
    resolution: {integrity: sha512-8awtpHXCx/bNpFt4mt2xdkgtgVvKqty8VbjHI/WWWQuEw+KLzFot3f4+LkQY9YmOtq7A5GdOnqoIC8Pdygjk2g==}
    dev: false

  /@rolldown/pluginutils@1.0.1:
    resolution: {integrity: sha512-2j9bGt5Jh8hj+vPtgzPtl72j0yRxHAyumoo6TNfAjsLB04UtpSvPbPcDcBMxz7n+9CYB0c1GxQFxYRg2jimqGw==}
    dev: true

  /@rollup/rollup-android-arm-eabi@4.62.2:
    resolution: {integrity: sha512-6o7ZLZK+BeenkZCFNDXqpbjw9bD6nuWonvS/lwQJp7NoVVxm6p3qE7qQ5jGuBjiFsgvqjD8mZAU5oWxTmbOeOg==}
    cpu: [arm]
    os: [android]
    requiresBuild: true
    dev: true
    optional: true

  /@rollup/rollup-android-arm64@4.62.2:
    resolution: {integrity: sha512-BaH7BllCACHoH1LguOU56UItGfUWjujlO65kS9LAodViaN4bwIKd7oeW/ZHJ/4ljr/7MIiENnNy3HJ0zXv8Zkw==}
    cpu: [arm64]
    os: [android]
    requiresBuild: true
    dev: true
    optional: true

  /@rollup/rollup-darwin-arm64@4.62.2:
    resolution: {integrity: sha512-v39RCCvj4He82I9sFmk+M1VZ0PLM9sfsLVikjfx2hYBNALhrrOR2D3JjQA6AhlaSOgcR+RzrKY7e1+bT6SUO/A==}
    cpu: [arm64]
    os: [darwin]
    requiresBuild: true
    dev: true
    optional: true

  /@rollup/rollup-darwin-x64@4.62.2:
    resolution: {integrity: sha512-yl0y2vq3S3lHeuXhEdss6TWfKW8vkujImO12tn4ZkG/4oghr09LvdYm2RElVjokTQiUvDUGXLGsYeLqUMCKpGA==}
    cpu: [x64]
    os: [darwin]
    requiresBuild: true
    dev: true
    optional: true

  /@rollup/rollup-freebsd-arm64@4.62.2:
    resolution: {integrity: sha512-tT4pvt4qXD+vEoezupCWi+a1F0vvDiksiHc+PxRlYTOH1I6/X4id9jPxTP+Fg+545euaFT1jJVs4CEdHZAU1vw==}
    cpu: [arm64]
    os: [freebsd]
    requiresBuild: true
    dev: true
    optional: true

  /@rollup/rollup-freebsd-x64@4.62.2:
    resolution: {integrity: sha512-6nU5F2wCW+qvCBhTn1pdIU3bzsIoF7EUwsCDRxilWGprQR6yd508YnH9+OKFCwpfS8pjZqDUmnCAr7exax0XCg==}
    cpu: [x64]
    os: [freebsd]
    requiresBuild: true
    dev: true
    optional: true

  /@rollup/rollup-linux-arm-gnueabihf@4.62.2:
    resolution: {integrity: sha512-n1GJHPOvpIfhi3TmrCeh6S6URt9BFCt0KQE3qvexyGCTAKpR4Lg+eWvNZEqu7epxwus/8ElT3hacYEucm49SZg==}
    cpu: [arm]
    os: [linux]
    libc: [glibc]
    requiresBuild: true
    dev: true
    optional: true

  /@rollup/rollup-linux-arm-musleabihf@4.62.2:
    resolution: {integrity: sha512-JqgflS8wEB+UXV/vS1RpRbifGBeN4D5lz8D8oOFbFZw4vedvdOgCFAjfBmIMdW3yL10XpQQ0Ambepw6MXrhOnA==}
    cpu: [arm]
    os: [linux]
    libc: [musl]
    requiresBuild: true
    dev: true
    optional: true

  /@rollup/rollup-linux-arm64-gnu@4.62.2:
    resolution: {integrity: sha512-wnFJkogWvN4jm/hQRF2UBaeUmk20j5+DmHvoyWii2b8HJDyvz1MF2OU/6ynXt2KR63rbZLWkFpoytpdc/yBuSA==}
    cpu: [arm64]
    os: [linux]
    libc: [glibc]
    requiresBuild: true
    dev: true
    optional: true

  /@rollup/rollup-linux-arm64-musl@4.62.2:
    resolution: {integrity: sha512-HVu2bp0zhvJ8xHEV9+UUs7S90VadmBSY3LcIMvozbPo4AuMGDWlz3ymHLHZPX4hR67TKTt8Qp5PJ5RBg/i+RMQ==}
    cpu: [arm64]
    os: [linux]
    libc: [musl]
    requiresBuild: true
    dev: true
    optional: true

  /@rollup/rollup-linux-loong64-gnu@4.62.2:
    resolution: {integrity: sha512-mQqqAV8QaoSgr9I2fKDLY2BAVvmKjWoGiu/cSYQonsLvtqwEn1E4QYfnCOcp5zoEqNhsDYin1s6jx/VJmrxlZg==}
    cpu: [loong64]
    os: [linux]
    libc: [glibc]
    requiresBuild: true
    dev: true
    optional: true

  /@rollup/rollup-linux-loong64-musl@4.62.2:
    resolution: {integrity: sha512-IxKLoxCQ2IWi6bT2akyDUBGsOImDKB+sPp4EsTmwFQ/fMwpCKm8uLSSgP/Kx/QYUgKis6SEZ5/Nlhup0DIA0PQ==}
    cpu: [loong64]
    os: [linux]
    libc: [musl]
    requiresBuild: true
    dev: true
    optional: true

  /@rollup/rollup-linux-ppc64-gnu@4.62.2:
    resolution: {integrity: sha512-Mk5ha2RQSgyFfmYYLkBpPnUk8D8FriBxesO1u9O75X0mHgXL1UQcH5Itl2lurWL2tj0RxV9b9tJgipac0hRY9A==}
    cpu: [ppc64]
    os: [linux]
    libc: [glibc]
    requiresBuild: true
    dev: true
    optional: true

  /@rollup/rollup-linux-ppc64-musl@4.62.2:
    resolution: {integrity: sha512-CjvEnqJL/0/TQ3TXX3OPIJ/kmBellrWd4heXUmHeJlTnmwjKpSJzoehLaL6Xk0ZnMHBu9dZuFADNOrtjF4v+2w==}
    cpu: [ppc64]
    os: [linux]
    libc: [musl]
    requiresBuild: true
    dev: true
    optional: true

  /@rollup/rollup-linux-riscv64-gnu@4.62.2:
    resolution: {integrity: sha512-1SiZbzwdkaDURsew/tSOrooKiYy7EQGT6m8ufavAi9NEyQb/6VuIxFXAL1fqa4iZe3g4NbNk4P7J32z2tw5Mgg==}
    cpu: [riscv64]
    os: [linux]
    libc: [glibc]
    requiresBuild: true
    dev: true
    optional: true

  /@rollup/rollup-linux-riscv64-musl@4.62.2:
    resolution: {integrity: sha512-nQts12zJ3NQRoE6uYljOH89v7szzLDvG2JD/vsX+vGXU8w/At1GowTZ5/7qeFQ8m7L55rpR8Okugnuo5bgjy2Q==}
    cpu: [riscv64]
    os: [linux]
    libc: [musl]
    requiresBuild: true
    dev: true
    optional: true

  /@rollup/rollup-linux-s390x-gnu@4.62.2:
    resolution: {integrity: sha512-E9/ll019jhPIJgpzfZoIkBGhcz+kKNgVWYRY0zr9srBdPPFVpvOKW8VaJKUbeK+eZXyQF9ltME+Kk6affeaPgg==}
    cpu: [s390x]
    os: [linux]
    libc: [glibc]
    requiresBuild: true
    dev: true
    optional: true

  /@rollup/rollup-linux-x64-gnu@4.62.2:
    resolution: {integrity: sha512-5BqxR/pshjey51iliyzTD5Xi3EN0aLmQ2lZ3lvefVV9c82BvrLo2/6OT55iifpWBufs6kdwWbuOKS841DrmK9A==}
    cpu: [x64]
    os: [linux]
    libc: [glibc]
    requiresBuild: true
    dev: true
    optional: true

  /@rollup/rollup-linux-x64-musl@4.62.2:
    resolution: {integrity: sha512-uNN83XxQrRAh/w0/pmAfibcwyb6YWt4gP+dpnQKPVJshAloQ785ii8CT8ZCIxkGg9opVsvAlGhFitSm6D1Jjpg==}
    cpu: [x64]
    os: [linux]
    libc: [musl]
    requiresBuild: true
    dev: true
    optional: true

  /@rollup/rollup-openbsd-x64@4.62.2:
    resolution: {integrity: sha512-srjEIxSH3LRnJN6THczDHWQplqEMFiAJrTab0msUryh9kwNpkICf3Ea6q6MN/2cZwRFUNx5w+h6Hpi4QuHS6Zg==}
    cpu: [x64]
    os: [openbsd]
    requiresBuild: true
    dev: true
    optional: true

  /@rollup/rollup-openharmony-arm64@4.62.2:
    resolution: {integrity: sha512-8hOJnxgbyObnCm5AlRA3A931xX19xq80RjVTKgJOvEKWqJruP/Uf12IbAOaDjjEXYRewwHLfmF0YRIdK3OwKWA==}
    cpu: [arm64]
    os: [openharmony]
    requiresBuild: true
    dev: true
    optional: true

  /@rollup/rollup-win32-arm64-msvc@4.62.2:
    resolution: {integrity: sha512-mmF4AY1i0hG/bLWUctUq59gtmgaSIRa3cu/A3JFRp/sCNEme2bgDEiDS22P9FbnJB8NJNF4jPJiSP5RHQpUTDg==}
    cpu: [arm64]
    os: [win32]
    requiresBuild: true
    dev: true
    optional: true

  /@rollup/rollup-win32-ia32-msvc@4.62.2:
    resolution: {integrity: sha512-DZgkknc6jhHrk46V25vbAM0zZkyP0nSDkJB8/dRkLTxv470dOmWDqGoEJl/9A0dFfS7yE3REOwNDxpHwSLSt0Q==}
    cpu: [ia32]
    os: [win32]
    requiresBuild: true
    dev: true
    optional: true

  /@rollup/rollup-win32-x64-gnu@4.62.2:
    resolution: {integrity: sha512-T6xr6ucWSFto+VGajA8YH26LdpHRuP4YLHEKAtCWvJDOlnmWcDZVCI2Jmjr+IFHDlt2zRaTAKE4tfjTaWLgJBg==}
    cpu: [x64]
    os: [win32]
    requiresBuild: true
    dev: true
    optional: true

  /@rollup/rollup-win32-x64-msvc@4.62.2:
    resolution: {integrity: sha512-BfzEnDJOt9T8M989/lA37EcJgat01wLRnoi5dQf3QzOH7jzpqTAzdDbVfRljVr5r+jzKqpbHeyOfAaXxAd0PAA==}
    cpu: [x64]
    os: [win32]
    requiresBuild: true
    dev: true
    optional: true

  /@types/estree@1.0.9:
    resolution: {integrity: sha512-GhdPgy1el4/ImP05X05Uw4cw2/M93BCUmnEvWZNStlCzEKME4Fkk+YpoA5OiHNQmoS7Cafb8Xa3Pya8m1Qrzeg==}
    dev: true

  /@types/rbush@4.0.0:
    resolution: {integrity: sha512-+N+2H39P8X+Hy1I5mC6awlTX54k3FhiUmvt7HWzGJZvF+syUAAxP/stwppS8JE84YHqFgRMv6fCy31202CMFxQ==}
    dev: false

  /@vitejs/plugin-vue@6.0.8(vite@7.3.6)(vue@3.5.40):
    resolution: {integrity: sha512-0ZjgOg7oO6farnNGup7yvoM/YXZV84OZxHAwtflItNa/6zzQyVb5LNxyea3FEKEX2XlagIKzrlH7wwxkKgtiew==}
    engines: {node: ^20.19.0 || >=22.12.0}
    peerDependencies:
      vite: ^5.0.0 || ^6.0.0 || ^7.0.0 || ^8.0.0
      vue: ^3.2.25
    dependencies:
      '@rolldown/pluginutils': 1.0.1
      vite: 7.3.6
      vue: 3.5.40
    dev: true

  /@vue/compiler-core@3.5.40:
    resolution: {integrity: sha512-39E8IgOhTbVDnoJFMKc2DvYnypcZwUqgUhQkccva/0m6FUwtIKSGV7n1hpVmYcFaoRAwf9pBcwnKlCEsN63ZEQ==}
    dependencies:
      '@babel/parser': 7.29.7
      '@vue/shared': 3.5.40
      entities: 7.0.1
      estree-walker: 2.0.2
      source-map-js: 1.2.1

  /@vue/compiler-dom@3.5.40:
    resolution: {integrity: sha512-pwkx4vqlqOspFstrcmzwkKLePVMD3PT65imRzLhanU2V1Fj4K13g6OXjanOyzw3aTAuRk84BOmY8f3rEHqPaVA==}
    dependencies:
      '@vue/compiler-core': 3.5.40
      '@vue/shared': 3.5.40

  /@vue/compiler-sfc@3.5.40:
    resolution: {integrity: sha512-gIf497P4kpuALcvs5n3AEg1Vdn0pSY4XbjASIfHNYF1/MP3T2Mf2STERTubysBxCRxzJGJYtF/O7vwJrxFB3Vw==}
    dependencies:
      '@babel/parser': 7.29.7
      '@vue/compiler-core': 3.5.40
      '@vue/compiler-dom': 3.5.40
      '@vue/compiler-ssr': 3.5.40
      '@vue/shared': 3.5.40
      estree-walker: 2.0.2
      magic-string: 0.30.21
      postcss: 8.5.20
      source-map-js: 1.2.1

  /@vue/compiler-ssr@3.5.40:
    resolution: {integrity: sha512-rrE5xiXG663+vHCHa3J9p2z5OcBRjXmoqenprJxAFQxg5pSshzeBiCE6pu46axapRJ2Adk0YDA2BRZVjiHXnhg==}
    dependencies:
      '@vue/compiler-dom': 3.5.40
      '@vue/shared': 3.5.40

  /@vue/reactivity@3.5.40:
    resolution: {integrity: sha512-B7ot9UlUZOi1zbq61/LvE88ZLTV8IlajTdiZTAEiDQgrnIMIZoPr9kGw0Zw46ObW62O9+H/Be3kMbfb7kYPQZA==}
    dependencies:
      '@vue/shared': 3.5.40

  /@vue/runtime-core@3.5.40:
    resolution: {integrity: sha512-KAZLweuZ6uUJPK1PMSQPgBU5gCjgrrfjUhSglmU9NhH+Zjepa8cnwSydPWDWHDwOgY4g3VcZ+PljbiHlURNCbw==}
    dependencies:
      '@vue/reactivity': 3.5.40
      '@vue/shared': 3.5.40

  /@vue/runtime-dom@3.5.40:
    resolution: {integrity: sha512-ZfrX8ssZQds900L9pr8AuK05ddnMsR4MPMZr8cPN9GoqoPWcXLhjvvbIA2SMv+7a97sJ1vv9pj/zxK0Cq/eEFQ==}
    dependencies:
      '@vue/reactivity': 3.5.40
      '@vue/runtime-core': 3.5.40
      '@vue/shared': 3.5.40
      csstype: 3.2.3

  /@vue/server-renderer@3.5.40:
    resolution: {integrity: sha512-XNJym9WpevhTVt1HuwOrCRJ5Q+9z4BjTMrDtjTrvx74SmUll8spNTw6whWJa9mEkO4PKn5TihI/bm/8ds2QVJw==}
    dependencies:
      '@vue/compiler-ssr': 3.5.40
      '@vue/runtime-dom': 3.5.40
      '@vue/shared': 3.5.40

  /@vue/shared@3.5.40:
    resolution: {integrity: sha512-WxnBtruIqOoV3rA4jeKDWzrYI5h7Cp4+pjwDi8kWGHz+IslhiN+wguLVVhtv2l8VoU02rzDCVfDjgCl1lNpZVg==}

  /@zarrita/storage@0.2.0:
    resolution: {integrity: sha512-855ZXqtnds7spnT8vNvD+MXa3QExP1m2GqShe8yt7uZXHnQLgJHgkpVwFjE1B0KDDRO0ki09hmk6OboTaIfPsQ==}
    dependencies:
      reference-spec-reader: 0.2.0
      unzipit: 2.0.0
    dev: false

  /agent-base@6.0.2:
    resolution: {integrity: sha512-RZNwNclF7+MS/8bDg70amg32dyeZGZxiDuQmZxKLAlQjr3jGyLx+4Kkk58UO7D2QdgFIQCovuSuZESne6RG6XQ==}
    engines: {node: '>= 6.0.0'}
    dependencies:
      debug: 4.4.3
    transitivePeerDependencies:
      - supports-color
    dev: false

  /asynckit@0.4.0:
    resolution: {integrity: sha512-Oei9OH4tRh0YqU3GxhX79dM/mwVgvbZJaSNaRk+bshkj0S5cfHcgYakreBjrHwatXKbz+IoIdYLxrKim2MjW0Q==}
    dev: false

  /axios@1.18.1:
    resolution: {integrity: sha512-3nTvFlvpn9Zu/RkHUqtc7/+al4UpRW5az71ap5zccp6e8RAYEzhMTecX8Dz1wWDYrPpUoB1HAQEGEAEvUr7S9g==}
    dependencies:
      follow-redirects: 1.16.0
      form-data: 4.0.6
      https-proxy-agent: 5.0.1
      proxy-from-env: 2.1.0
    transitivePeerDependencies:
      - debug
      - supports-color
    dev: false

  /call-bind-apply-helpers@1.0.2:
    resolution: {integrity: sha512-Sp1ablJ0ivDkSzjcaJdxEunN5/XvksFJ2sMBFfq6x0ryhQV/2b/KwFe21cMpmHtPOSij8K99/wSfoEuTObmuMQ==}
    engines: {node: '>= 0.4'}
    dependencies:
      es-errors: 1.3.0
      function-bind: 1.1.2
    dev: false

  /combined-stream@1.0.8:
    resolution: {integrity: sha512-FQN4MRfuJeHf7cBbBMJFXhKSDq+2kAArBlmRBvcvFE5BB1HZKXtSFASDhdlz9zOYwxh8lDdnvmMOe/+5cdoEdg==}
    engines: {node: '>= 0.8'}
    dependencies:
      delayed-stream: 1.0.0
    dev: false

  /csstype@3.2.3:
    resolution: {integrity: sha512-z1HGKcYy2xA8AGQfwrn0PAy+PB7X/GSj3UVJW9qKyn43xWa+gl5nXmU4qqLMRzWVLFC8KusUX8T/0kCiOYpAIQ==}

  /debug@4.4.3:
    resolution: {integrity: sha512-RGwwWnwQvkVfavKVt22FGLw+xYSdzARwm0ru6DhTVA3umU5hZc28V3kO4stgYryrTlLpuvgI9GiijltAjNbcqA==}
    engines: {node: '>=6.0'}
    peerDependencies:
      supports-color: '*'
    peerDependenciesMeta:
      supports-color:
        optional: true
    dependencies:
      ms: 2.1.3
    dev: false

  /delayed-stream@1.0.0:
    resolution: {integrity: sha512-ZySD7Nf91aLB0RxL4KGrKHBXl7Eds1DAmEdcoVawXnLD7SDhpNgtuII2aAkg7a7QS41jxPSZ17p4VdGnMHk3MQ==}
    engines: {node: '>=0.4.0'}
    dev: false

  /dunder-proto@1.0.1:
    resolution: {integrity: sha512-KIN/nDJBQRcXw0MLVhZE9iQHmG68qAVIBg9CqmUYjmQIhgij9U5MFvrqkUL5FbtyyzZuOeOt0zdeRe4UY7ct+A==}
    engines: {node: '>= 0.4'}
    dependencies:
      call-bind-apply-helpers: 1.0.2
      es-errors: 1.3.0
      gopd: 1.2.0
    dev: false

  /earcut@3.2.3:
    resolution: {integrity: sha512-vnS4AVwp1KHAF13i1vp1/2D5evWy3k5u/iW/B81QVsUZtV8cv2tU0b2VNFlqvh4kYwrFMDdjPCfAmfyJW9y14Q==}
    dev: false

  /entities@7.0.1:
    resolution: {integrity: sha512-TWrgLOFUQTH994YUyl1yT4uyavY5nNB5muff+RtWaqNVCAK408b5ZnnbNAUEWLTCpum9w6arT70i1XdQ4UeOPA==}
    engines: {node: '>=0.12'}

  /es-define-property@1.0.1:
    resolution: {integrity: sha512-e3nRfgfUZ4rNGL232gUgX06QNyyez04KdjFrF+LTRoOXmrOgFKDg4BCdsjW8EnT69eqdYGmRpJwiPVYNrCaW3g==}
    engines: {node: '>= 0.4'}
    dev: false

  /es-errors@1.3.0:
    resolution: {integrity: sha512-Zf5H2Kxt2xjTvbJvP2ZWLEICxA6j+hAmMzIlypy4xcBg1vKVnx89Wy0GbS+kf5cwCVFFzdCFh2XSCFNULS6csw==}
    engines: {node: '>= 0.4'}
    dev: false

  /es-object-atoms@1.1.2:
    resolution: {integrity: sha512-HWcBoN6NileqtSydK2FqHbS/LoDd2pqrnQHLyJzBj4kOp/ky2MWMN694xOfkK8/SnUsW2DH7EfyVlydKCsm1Zw==}
    engines: {node: '>= 0.4'}
    dependencies:
      es-errors: 1.3.0
    dev: false

  /es-set-tostringtag@2.1.0:
    resolution: {integrity: sha512-j6vWzfrGVfyXxge+O0x5sh6cvxAog0a/4Rdd2K36zCMV5eJ+/+tOAngRO8cODMNWbVRdVlmGZQL2YS3yR8bIUA==}
    engines: {node: '>= 0.4'}
    dependencies:
      es-errors: 1.3.0
      get-intrinsic: 1.3.0
      has-tostringtag: 1.0.2
      hasown: 2.0.4
    dev: false

  /esbuild@0.28.1:
    resolution: {integrity: sha512-HrJrvZv5ayxBzPfwphOoNzkzOIIlifzk0KJrGK2c8R4+LKpMtpYLQeUdjnwjWv/LZlkH2laZk+4w78pi99D4Vw==}
    engines: {node: '>=18'}
    hasBin: true
    requiresBuild: true
    optionalDependencies:
      '@esbuild/aix-ppc64': 0.28.1
      '@esbuild/android-arm': 0.28.1
      '@esbuild/android-arm64': 0.28.1
      '@esbuild/android-x64': 0.28.1
      '@esbuild/darwin-arm64': 0.28.1
      '@esbuild/darwin-x64': 0.28.1
      '@esbuild/freebsd-arm64': 0.28.1
      '@esbuild/freebsd-x64': 0.28.1
      '@esbuild/linux-arm': 0.28.1
      '@esbuild/linux-arm64': 0.28.1
      '@esbuild/linux-ia32': 0.28.1
      '@esbuild/linux-loong64': 0.28.1
      '@esbuild/linux-mips64el': 0.28.1
      '@esbuild/linux-ppc64': 0.28.1
      '@esbuild/linux-riscv64': 0.28.1
      '@esbuild/linux-s390x': 0.28.1
      '@esbuild/linux-x64': 0.28.1
      '@esbuild/netbsd-arm64': 0.28.1
      '@esbuild/netbsd-x64': 0.28.1
      '@esbuild/openbsd-arm64': 0.28.1
      '@esbuild/openbsd-x64': 0.28.1
      '@esbuild/openharmony-arm64': 0.28.1
      '@esbuild/sunos-x64': 0.28.1
      '@esbuild/win32-arm64': 0.28.1
      '@esbuild/win32-ia32': 0.28.1
      '@esbuild/win32-x64': 0.28.1
    dev: true

  /estree-walker@2.0.2:
    resolution: {integrity: sha512-Rfkk/Mp/DL7JVje3u18FxFujQlTNR2q6QfMSMB7AvCBx91NGj/ba3kCfza0f6dVDbw7YlRf/nDrn7pQrCCyQ/w==}

  /fdir@6.5.0(picomatch@4.0.5):
    resolution: {integrity: sha512-tIbYtZbucOs0BRGqPJkshJUYdL+SDH7dVM8gjy+ERp3WAUjLEFJE+02kanyHtwjWOnwrKYBiwAmM0p4kLJAnXg==}
    engines: {node: '>=12.0.0'}
    peerDependencies:
      picomatch: ^3 || ^4
    peerDependenciesMeta:
      picomatch:
        optional: true
    dependencies:
      picomatch: 4.0.5
    dev: true

  /fflate@0.8.3:
    resolution: {integrity: sha512-tbZNuJrLwGUp3zshBtdy4W+ORxZuIh8a5ilyIEQDC5rY1f3U20JMry0Ll3WBzU58EZKsEuJFXhb5gwv8CsPvgA==}
    dev: false

  /follow-redirects@1.16.0:
    resolution: {integrity: sha512-y5rN/uOsadFT/JfYwhxRS5R7Qce+g3zG97+JrtFZlC9klX/W5hD7iiLzScI4nZqUS7DNUdhPgw4xI8W2LuXlUw==}
    engines: {node: '>=4.0'}
    peerDependencies:
      debug: '*'
    peerDependenciesMeta:
      debug:
        optional: true
    dev: false

  /form-data@4.0.6:
    resolution: {integrity: sha512-vKatAh4SlVfgbv+YtmhiRjhEMJsYpsG1Y2rMQtR+SVSbytsSD1YGzDIcrAJmdFec88u/+VoGmxnl+80gL1tRCQ==}
    engines: {node: '>= 6'}
    dependencies:
      asynckit: 0.4.0
      combined-stream: 1.0.8
      es-set-tostringtag: 2.1.0
      hasown: 2.0.4
      mime-types: 2.1.35
    dev: false

  /fsevents@2.3.3:
    resolution: {integrity: sha512-5xoDfX+fL7faATnagmWPpbFtwh/R77WmMMqqHGS65C3vvB0YHrgF+B1YmZ3441tMj5n63k0212XNoJwzlhffQw==}
    engines: {node: ^8.16.0 || ^10.6.0 || >=11.0.0}
    os: [darwin]
    requiresBuild: true
    dev: true
    optional: true

  /function-bind@1.1.2:
    resolution: {integrity: sha512-7XHNxH7qX9xG5mIwxkhumTox/MIRNcOgDrxWsMt2pAr23WHp6MrRlN7FBSFpCpr+oVO0F744iUgR82nJMfG2SA==}
    dev: false

  /geotiff@3.0.5:
    resolution: {integrity: sha512-OWcL9S9+yDZ6iAlXMt32T1iwUApJM8UiD47xbm6ZP1h33d10fqkPs14EG/ttT5EnefpZSx3G15iDFC5FxUNUwA==}
    engines: {node: '>=10.19'}
    dependencies:
      '@petamoriken/float16': 3.9.3
      lerc: 3.0.0
      pako: 2.2.0
      parse-headers: 2.0.6
      quick-lru: 6.1.2
      web-worker: 1.5.0
      xml-utils: 1.10.2
      zstddec: 0.2.0
    dev: false

  /get-intrinsic@1.3.0:
    resolution: {integrity: sha512-9fSjSaos/fRIVIp+xSJlE6lfwhES7LNtKaCBIamHsjr2na1BiABJPo0mOjjz8GJDURarmCPGqaiVg5mfjb98CQ==}
    engines: {node: '>= 0.4'}
    dependencies:
      call-bind-apply-helpers: 1.0.2
      es-define-property: 1.0.1
      es-errors: 1.3.0
      es-object-atoms: 1.1.2
      function-bind: 1.1.2
      get-proto: 1.0.1
      gopd: 1.2.0
      has-symbols: 1.1.0
      hasown: 2.0.4
      math-intrinsics: 1.1.0
    dev: false

  /get-proto@1.0.1:
    resolution: {integrity: sha512-sTSfBjoXBp89JvIKIefqw7U2CCebsc74kiY6awiGogKtoSGbgjYE/G/+l9sF3MWFPNc9IcoOC4ODfKHfxFmp0g==}
    engines: {node: '>= 0.4'}
    dependencies:
      dunder-proto: 1.0.1
      es-object-atoms: 1.1.2
    dev: false

  /gopd@1.2.0:
    resolution: {integrity: sha512-ZUKRh6/kUFoAiTAtTYPZJ3hw9wNxx+BIBOijnlG9PnrJsCcSjs1wyyD6vJpaYtgnzDrKYRSqf3OO6Rfa93xsRg==}
    engines: {node: '>= 0.4'}
    dev: false

  /has-symbols@1.1.0:
    resolution: {integrity: sha512-1cDNdwJ2Jaohmb3sg4OmKaMBwuC48sYni5HUw2DvsC8LjGTLK9h+eb1X6RyuOHe4hT0ULCW68iomhjUoKUqlPQ==}
    engines: {node: '>= 0.4'}
    dev: false

  /has-tostringtag@1.0.2:
    resolution: {integrity: sha512-NqADB8VjPFLM2V0VvHUewwwsw0ZWBaIdgo+ieHtK3hasLz4qeCRjYcqfB6AQrBggRKppKF8L52/VqdVsO47Dlw==}
    engines: {node: '>= 0.4'}
    dependencies:
      has-symbols: 1.1.0
    dev: false

  /hasown@2.0.4:
    resolution: {integrity: sha512-T2UbfbBEF32wiepXIsMlTW9+dDYC6wMh/t/vYA4tuOMKqWz/n3vr1NFSxQiyP+zk2mXsoMA/i/7qV6LKut1t1A==}
    engines: {node: '>= 0.4'}
    dependencies:
      function-bind: 1.1.2
    dev: false

  /https-proxy-agent@5.0.1:
    resolution: {integrity: sha512-dFcAjpTQFgoLMzC2VwU+C/CbS7uRL0lWmxDITmqm7C+7F0Odmj6s9l6alZc6AELXhrnggM2CeWSXHGOdX2YtwA==}
    engines: {node: '>= 6'}
    dependencies:
      agent-base: 6.0.2
      debug: 4.4.3
    transitivePeerDependencies:
      - supports-color
    dev: false

  /lerc@3.0.0:
    resolution: {integrity: sha512-Rm4J/WaHhRa93nCN2mwWDZFoRVF18G1f47C+kvQWyHGEZxFpTUi73p7lMVSAndyxGt6lJ2/CFbOcf9ra5p8aww==}
    dev: false

  /magic-string@0.30.21:
    resolution: {integrity: sha512-vd2F4YUyEXKGcLHoq+TEyCjxueSeHnFxyyjNp80yg0XV4vUhnDer/lvvlqM/arB5bXQN5K2/3oinyCRyx8T2CQ==}
    dependencies:
      '@jridgewell/sourcemap-codec': 1.5.5

  /math-intrinsics@1.1.0:
    resolution: {integrity: sha512-/IXtbwEk5HTPyEwyKX6hGkYXxM9nbj64B+ilVJnC/R6B0pH5G4V3b0pVbL7DBj4tkhBAppbQUlf6F6Xl9LHu1g==}
    engines: {node: '>= 0.4'}
    dev: false

  /mime-db@1.52.0:
    resolution: {integrity: sha512-sPU4uV7dYlvtWJxwwxHD0PuihVNiE7TyAbQ5SWxDCB9mUYvOgroQOwYQQOKPJ8CIbE+1ETVlOoK1UC2nU3gYvg==}
    engines: {node: '>= 0.6'}
    dev: false

  /mime-types@2.1.35:
    resolution: {integrity: sha512-ZDY+bPm5zTTF+YpCrAU9nK0UgICYPT0QtT1NZWFv4s++TNkcgVaT0g6+4R2uI4MjQjzysHB1zxuWL50hzaeXiw==}
    engines: {node: '>= 0.6'}
    dependencies:
      mime-db: 1.52.0
    dev: false

  /ms@2.1.3:
    resolution: {integrity: sha512-6FlzubTLZG3J2a/NVCAleEhjzq5oxgHyaCU9yYXvcLsvoVaHJq/s5xXI6/XXP6tz7R9xAOtHnSO/tXtF3WRTlA==}
    dev: false

  /nanoid@3.3.16:
    resolution: {integrity: sha512-bzlKTyNJ7+LdGIIwy8ijFpIqEQIvafahV7eYykJ8Cvh42EdJeODoJ6gUJXpQJvej1BddH8OqTXZNE/KfbWAu8Q==}
    engines: {node: ^10 || ^12 || ^13.7 || ^14 || >=15.0.1}
    hasBin: true

  /numcodecs@0.3.2:
    resolution: {integrity: sha512-6YSPnmZgg0P87jnNhi3s+FVLOcIn3y+1CTIgUulA3IdASzK9fJM87sUFkpyA+be9GibGRaST2wCgkD+6U+fWKw==}
    dependencies:
      fflate: 0.8.3
    dev: false

  /ol@10.9.0:
    resolution: {integrity: sha512-svbbgVQUmEHaKpLQ8kRySojs59Brvgl2zYIrqG9eQNXGfsbi55rQasZIDpwpQzDL6OlzrUb0H4hQaiX9wDoGmA==}
    dependencies:
      '@types/rbush': 4.0.0
      earcut: 3.2.3
      geotiff: 3.0.5
      pbf: 4.0.1
      rbush: 4.0.1
      zarrita: 0.7.3
    dev: false

  /pako@2.2.0:
    resolution: {integrity: sha512-zJq6RP/5q+TO2OpFV3FHzlPnFjmkb7Nc99a5SNjJE+uu/PkpChs+NIZSSzbBoD+6kjiISXjfYdwj1ZRQ81dz/w==}
    dev: false

  /parse-headers@2.0.6:
    resolution: {integrity: sha512-Tz11t3uKztEW5FEVZnj1ox8GKblWn+PvHY9TmJV5Mll2uHEwRdR/5Li1OlXoECjLYkApdhWy44ocONwXLiKO5A==}
    dev: false

  /pbf@4.0.1:
    resolution: {integrity: sha512-SuLdBvS42z33m8ejRbInMapQe8n0D3vN/Xd5fmWM3tufNgRQFBpaW2YVJxQZV4iPNqb0vEFvssMEo5w9c6BTIA==}
    hasBin: true
    dependencies:
      resolve-protobuf-schema: 2.1.0
    dev: false

  /picocolors@1.1.1:
    resolution: {integrity: sha512-xceH2snhtb5M9liqDsmEw56le376mTZkEX/jEb/RxNFyegNul7eNslCXP9FDj/Lcu0X8KEyMceP2ntpaHrDEVA==}

  /picomatch@4.0.5:
    resolution: {integrity: sha512-RvwwcruNjI1ncT5xRakeyS9Lf8lcItv34KD+aif+VH9kduAyfYBipGh12274xtenIPZ119/R9BdTBa8gAwSh0A==}
    engines: {node: '>=12'}
    dev: true

  /postcss@8.5.20:
    resolution: {integrity: sha512-lW616l85ucIQL+FocMmL7pQFPqBmwejrCMg+iPxyImlrANNJG9NHq/RkyCZopDhd8C3LA03PHRJDjkbGu8vvug==}
    engines: {node: ^10 || ^12 || >=14}
    dependencies:
      nanoid: 3.3.16
      picocolors: 1.1.1
      source-map-js: 1.2.1

  /protocol-buffers-schema@3.6.1:
    resolution: {integrity: sha512-VG2K63Igkiv9p76tk1lilczEK1cT+kCjKtkdhw1dQZV3k3IXJbd3o6Ho8b9zJZaHSnT2hKe4I+ObmX9w6m5SmQ==}
    dev: false

  /proxy-from-env@2.1.0:
    resolution: {integrity: sha512-cJ+oHTW1VAEa8cJslgmUZrc+sjRKgAKl3Zyse6+PV38hZe/V6Z14TbCuXcan9F9ghlz4QrFr2c92TNF82UkYHA==}
    engines: {node: '>=10'}
    dev: false

  /quick-lru@6.1.2:
    resolution: {integrity: sha512-AAFUA5O1d83pIHEhJwWCq/RQcRukCkn/NSm2QsTEMle5f2hP0ChI2+3Xb051PZCkLryI/Ir1MVKviT2FIloaTQ==}
    engines: {node: '>=12'}
    dev: false

  /quickselect@3.0.0:
    resolution: {integrity: sha512-XdjUArbK4Bm5fLLvlm5KpTFOiOThgfWWI4axAZDWg4E/0mKdZyI9tNEfds27qCi1ze/vwTR16kvmmGhRra3c2g==}
    dev: false

  /rbush@4.0.1:
    resolution: {integrity: sha512-IP0UpfeWQujYC8Jg162rMNc01Rf0gWMMAb2Uxus/Q0qOFw4lCcq6ZnQEZwUoJqWyUGJ9th7JjwI4yIWo+uvoAQ==}
    dependencies:
      quickselect: 3.0.0
    dev: false

  /reference-spec-reader@0.2.0:
    resolution: {integrity: sha512-q0mfCi5yZSSHXpCyxjgQeaORq3tvDsxDyzaadA/5+AbAUwRyRuuTh0aRQuE/vAOt/qzzxidJ5iDeu1cLHaNBlQ==}
    dev: false

  /resolve-protobuf-schema@2.1.0:
    resolution: {integrity: sha512-kI5ffTiZWmJaS/huM8wZfEMer1eRd7oJQhDuxeCLe3t7N7mX3z94CN0xPxBQxFYQTSNz9T0i+v6inKqSdK8xrQ==}
    dependencies:
      protocol-buffers-schema: 3.6.1
    dev: false

  /rollup@4.62.2:
    resolution: {integrity: sha512-RFnrW4lhXA3s3eqHDZvN654g8OTjzRfqpIRJYczCGB6HzphckVAi/Qh4tbPUbRuDi7s1Llv8g/NspLkttY3gTA==}
    engines: {node: '>=18.0.0', npm: '>=8.0.0'}
    hasBin: true
    dependencies:
      '@types/estree': 1.0.9
    optionalDependencies:
      '@rollup/rollup-android-arm-eabi': 4.62.2
      '@rollup/rollup-android-arm64': 4.62.2
      '@rollup/rollup-darwin-arm64': 4.62.2
      '@rollup/rollup-darwin-x64': 4.62.2
      '@rollup/rollup-freebsd-arm64': 4.62.2
      '@rollup/rollup-freebsd-x64': 4.62.2
      '@rollup/rollup-linux-arm-gnueabihf': 4.62.2
      '@rollup/rollup-linux-arm-musleabihf': 4.62.2
      '@rollup/rollup-linux-arm64-gnu': 4.62.2
      '@rollup/rollup-linux-arm64-musl': 4.62.2
      '@rollup/rollup-linux-loong64-gnu': 4.62.2
      '@rollup/rollup-linux-loong64-musl': 4.62.2
      '@rollup/rollup-linux-ppc64-gnu': 4.62.2
      '@rollup/rollup-linux-ppc64-musl': 4.62.2
      '@rollup/rollup-linux-riscv64-gnu': 4.62.2
      '@rollup/rollup-linux-riscv64-musl': 4.62.2
      '@rollup/rollup-linux-s390x-gnu': 4.62.2
      '@rollup/rollup-linux-x64-gnu': 4.62.2
      '@rollup/rollup-linux-x64-musl': 4.62.2
      '@rollup/rollup-openbsd-x64': 4.62.2
      '@rollup/rollup-openharmony-arm64': 4.62.2
      '@rollup/rollup-win32-arm64-msvc': 4.62.2
      '@rollup/rollup-win32-ia32-msvc': 4.62.2
      '@rollup/rollup-win32-x64-gnu': 4.62.2
      '@rollup/rollup-win32-x64-msvc': 4.62.2
      fsevents: 2.3.3
    dev: true

  /source-map-js@1.2.1:
    resolution: {integrity: sha512-UXWMKhLOwVKb728IUtQPXxfYU+usdybtUrK/8uGE8CQMvrhOpwvzDBwj0QhSL7MQc7vIsISBG8VQ8+IDQxpfQA==}
    engines: {node: '>=0.10.0'}

  /tinyglobby@0.2.17:
    resolution: {integrity: sha512-wXR/dYpcqKmfWpEdZjiKJOwCNFndD0DMnrW/cYjVGttEkBfVgcLFHoNrlj47mjOVic9yyNu65alsgF4NQyTa2g==}
    engines: {node: '>=12.0.0'}
    dependencies:
      fdir: 6.5.0(picomatch@4.0.5)
      picomatch: 4.0.5
    dev: true

  /unzipit@2.0.0:
    resolution: {integrity: sha512-DVeVIWUZCAQPNzm5sB0hpsG1GygTTdBnzNtYYEpInkttx5evkyqRgZi6rTczoySqp8hO5jHVKzrH0f23X8FZLg==}
    engines: {node: '>=18'}
    dev: false

  /vite@7.3.6:
    resolution: {integrity: sha512-4XP60spRGjSZFf1qYH+dJIkK2znL3zQfl9KkOV9MkkRR/3Dls0dxaBsQPTloEc5BLXWPL9vsOxopxyKoMmDueg==}
    engines: {node: ^20.19.0 || >=22.12.0}
    hasBin: true
    peerDependencies:
      '@types/node': ^20.19.0 || >=22.12.0
      jiti: '>=1.21.0'
      less: ^4.0.0
      lightningcss: ^1.21.0
      sass: ^1.70.0
      sass-embedded: ^1.70.0
      stylus: '>=0.54.8'
      sugarss: ^5.0.0
      terser: ^5.16.0
      tsx: ^4.8.1
      yaml: ^2.4.2
    peerDependenciesMeta:
      '@types/node':
        optional: true
      jiti:
        optional: true
      less:
        optional: true
      lightningcss:
        optional: true
      sass:
        optional: true
      sass-embedded:
        optional: true
      stylus:
        optional: true
      sugarss:
        optional: true
      terser:
        optional: true
      tsx:
        optional: true
      yaml:
        optional: true
    dependencies:
      esbuild: 0.28.1
      fdir: 6.5.0(picomatch@4.0.5)
      picomatch: 4.0.5
      postcss: 8.5.20
      rollup: 4.62.2
      tinyglobby: 0.2.17
    optionalDependencies:
      fsevents: 2.3.3
    dev: true

  /vue@3.5.40:
    resolution: {integrity: sha512-+8PJ4SJXdn/cHGImF4CKdxlWHIN5Dkt7DoufRREM6h6uVCx2m7QxgcEQmmzyOK8A9mcafg7sFbJFYsdFVubTig==}
    peerDependencies:
      typescript: '*'
    peerDependenciesMeta:
      typescript:
        optional: true
    dependencies:
      '@vue/compiler-dom': 3.5.40
      '@vue/compiler-sfc': 3.5.40
      '@vue/runtime-dom': 3.5.40
      '@vue/server-renderer': 3.5.40
      '@vue/shared': 3.5.40

  /web-worker@1.5.0:
    resolution: {integrity: sha512-RiMReJrTAiA+mBjGONMnjVDP2u3p9R1vkcGz6gDIrOMT3oGuYwX2WRMYI9ipkphSuE5XKEhydbhNEJh4NY9mlw==}
    dev: false

  /xml-utils@1.10.2:
    resolution: {integrity: sha512-RqM+2o1RYs6T8+3DzDSoTRAUfrvaejbVHcp3+thnAtDKo8LskR+HomLajEy5UjTz24rpka7AxVBRR3g2wTUkJA==}
    dev: false

  /zarrita@0.7.3:
    resolution: {integrity: sha512-wChTQ1Ox75INoQCzKAfLWAfB70JJ4KjdW8Sz5x4ZWrFB4Dw+YZdnxHTL0xSdsrB9EmKSeK7fS1Y+I2ibhfGbkw==}
    dependencies:
      '@zarrita/storage': 0.2.0
      numcodecs: 0.3.2
    dev: false

  /zstddec@0.2.0:
    resolution: {integrity: sha512-oyPnDa1X5c13+Y7mA/FDMNJrn4S8UNBe0KCqtDmor40Re7ALrPN6npFwyYVRRh+PqozZQdeg23QtbcamZnG5rA==}
    dev: false
