lockfileVersion: 5.4

specifiers:
  '@vitejs/plugin-vue': ^4.0.0
  ant-design-vue: ^3.2.15
  vite: ^4.1.0
  vue: ^3.2.45

dependencies:
  ant-design-vue: 3.2.20_vue@3.5.34
  vue: 3.5.34

devDependencies:
  '@vitejs/plugin-vue': 4.6.2_vite@4.5.14+vue@3.5.34
  vite: 4.5.14

packages:

  /@ant-design/colors/6.0.0:
    resolution: {integrity: sha512-qAZRvPzfdWHtfameEGP2Qvuf838NhergR35o+EuVyB5XvSA98xod5r4utvi4TJ3ywmevm290g9nsCG5MryrdWQ==}
    dependencies:
      '@ctrl/tinycolor': 3.6.1
    dev: false

  /@ant-design/icons-svg/4.4.2:
    resolution: {integrity: sha512-vHbT+zJEVzllwP+CM+ul7reTEfBR0vgxFe7+lREAsAA7YGsYpboiq2sQNeQeRvh09GfQgs/GyFEvZpJ9cLXpXA==}
    dev: false

  /@ant-design/icons-vue/6.1.0_vue@3.5.34:
    resolution: {integrity: sha512-EX6bYm56V+ZrKN7+3MT/ubDkvJ5rK/O2t380WFRflDcVFgsvl3NLH7Wxeau6R8DbrO5jWR6DSTC3B6gYFp77AA==}
    peerDependencies:
      vue: '>=3.0.3'
    dependencies:
      '@ant-design/colors': 6.0.0
      '@ant-design/icons-svg': 4.4.2
      vue: 3.5.34
    dev: false

  /@babel/helper-string-parser/7.27.1:
    resolution: {integrity: sha512-qMlSxKbpRlAridDExk92nSobyDdpPijUq2DW6oDnUqd0iOGxmQjyqhMIihI9+zv4LPyZdRje2cavWPbCbWm3eA==}
    engines: {node: '>=6.9.0'}

  /@babel/helper-validator-identifier/7.28.5:
    resolution: {integrity: sha512-qSs4ifwzKJSV39ucNjsvc6WVHs6b7S03sOh2OcHF9UHfVPqWWALUsNUVzhSBiItjRZoLHx7nIarVjqKVusUZ1Q==}
    engines: {node: '>=6.9.0'}

  /@babel/parser/7.29.3:
    resolution: {integrity: sha512-b3ctpQwp+PROvU/cttc4OYl4MzfJUWy6FZg+PMXfzmt/+39iHVF0sDfqay8TQM3JA2EUOyKcFZt75jWriQijsA==}
    engines: {node: '>=6.0.0'}
    hasBin: true
    dependencies:
      '@babel/types': 7.29.0

  /@babel/runtime/7.29.2:
    resolution: {integrity: sha512-JiDShH45zKHWyGe4ZNVRrCjBz8Nh9TMmZG1kh4QTK8hCBTWBi8Da+i7s1fJw7/lYpM4ccepSNfqzZ/QvABBi5g==}
    engines: {node: '>=6.9.0'}
    dev: false

  /@babel/types/7.29.0:
    resolution: {integrity: sha512-LwdZHpScM4Qz8Xw2iKSzS+cfglZzJGvofQICy7W7v4caru4EaAmyUuO6BGrbyQ2mYV11W0U8j5mBhd14dd3B0A==}
    engines: {node: '>=6.9.0'}
    dependencies:
      '@babel/helper-string-parser': 7.27.1
      '@babel/helper-validator-identifier': 7.28.5

  /@ctrl/tinycolor/3.6.1:
    resolution: {integrity: sha512-SITSV6aIXsuVNV3f3O0f2n/cgyEDWoSqtZMYiAmcsYHydcKrOz3gUxB/iXd/Qf08+IZX4KpgNbvUdMBmWz+kcA==}
    engines: {node: '>=10'}
    dev: false

  /@esbuild/android-arm/0.18.20:
    resolution: {integrity: sha512-fyi7TDI/ijKKNZTUJAQqiG5T7YjJXgnzkURqmGj13C6dCqckZBLdl4h7bkhHt/t0WP+zO9/zwroDvANaOqO5Sw==}
    engines: {node: '>=12'}
    cpu: [arm]
    os: [android]
    requiresBuild: true
    dev: true
    optional: true

  /@esbuild/android-arm64/0.18.20:
    resolution: {integrity: sha512-Nz4rJcchGDtENV0eMKUNa6L12zz2zBDXuhj/Vjh18zGqB44Bi7MBMSXjgunJgjRhCmKOjnPuZp4Mb6OKqtMHLQ==}
    engines: {node: '>=12'}
    cpu: [arm64]
    os: [android]
    requiresBuild: true
    dev: true
    optional: true

  /@esbuild/android-x64/0.18.20:
    resolution: {integrity: sha512-8GDdlePJA8D6zlZYJV/jnrRAi6rOiNaCC/JclcXpB+KIuvfBN4owLtgzY2bsxnx666XjJx2kDPUmnTtR8qKQUg==}
    engines: {node: '>=12'}
    cpu: [x64]
    os: [android]
    requiresBuild: true
    dev: true
    optional: true

  /@esbuild/darwin-arm64/0.18.20:
    resolution: {integrity: sha512-bxRHW5kHU38zS2lPTPOyuyTm+S+eobPUnTNkdJEfAddYgEcll4xkT8DB9d2008DtTbl7uJag2HuE5NZAZgnNEA==}
    engines: {node: '>=12'}
    cpu: [arm64]
    os: [darwin]
    requiresBuild: true
    dev: true
    optional: true

  /@esbuild/darwin-x64/0.18.20:
    resolution: {integrity: sha512-pc5gxlMDxzm513qPGbCbDukOdsGtKhfxD1zJKXjCCcU7ju50O7MeAZ8c4krSJcOIJGFR+qx21yMMVYwiQvyTyQ==}
    engines: {node: '>=12'}
    cpu: [x64]
    os: [darwin]
    requiresBuild: true
    dev: true
    optional: true

  /@esbuild/freebsd-arm64/0.18.20:
    resolution: {integrity: sha512-yqDQHy4QHevpMAaxhhIwYPMv1NECwOvIpGCZkECn8w2WFHXjEwrBn3CeNIYsibZ/iZEUemj++M26W3cNR5h+Tw==}
    engines: {node: '>=12'}
    cpu: [arm64]
    os: [freebsd]
    requiresBuild: true
    dev: true
    optional: true

  /@esbuild/freebsd-x64/0.18.20:
    resolution: {integrity: sha512-tgWRPPuQsd3RmBZwarGVHZQvtzfEBOreNuxEMKFcd5DaDn2PbBxfwLcj4+aenoh7ctXcbXmOQIn8HI6mCSw5MQ==}
    engines: {node: '>=12'}
    cpu: [x64]
    os: [freebsd]
    requiresBuild: true
    dev: true
    optional: true

  /@esbuild/linux-arm/0.18.20:
    resolution: {integrity: sha512-/5bHkMWnq1EgKr1V+Ybz3s1hWXok7mDFUMQ4cG10AfW3wL02PSZi5kFpYKrptDsgb2WAJIvRcDm+qIvXf/apvg==}
    engines: {node: '>=12'}
    cpu: [arm]
    os: [linux]
    requiresBuild: true
    dev: true
    optional: true

  /@esbuild/linux-arm64/0.18.20:
    resolution: {integrity: sha512-2YbscF+UL7SQAVIpnWvYwM+3LskyDmPhe31pE7/aoTMFKKzIc9lLbyGUpmmb8a8AixOL61sQ/mFh3jEjHYFvdA==}
    engines: {node: '>=12'}
    cpu: [arm64]
    os: [linux]
    requiresBuild: true
    dev: true
    optional: true

  /@esbuild/linux-ia32/0.18.20:
    resolution: {integrity: sha512-P4etWwq6IsReT0E1KHU40bOnzMHoH73aXp96Fs8TIT6z9Hu8G6+0SHSw9i2isWrD2nbx2qo5yUqACgdfVGx7TA==}
    engines: {node: '>=12'}
    cpu: [ia32]
    os: [linux]
    requiresBuild: true
    dev: true
    optional: true

  /@esbuild/linux-loong64/0.18.20:
    resolution: {integrity: sha512-nXW8nqBTrOpDLPgPY9uV+/1DjxoQ7DoB2N8eocyq8I9XuqJ7BiAMDMf9n1xZM9TgW0J8zrquIb/A7s3BJv7rjg==}
    engines: {node: '>=12'}
    cpu: [loong64]
    os: [linux]
    requiresBuild: true
    dev: true
    optional: true

  /@esbuild/linux-mips64el/0.18.20:
    resolution: {integrity: sha512-d5NeaXZcHp8PzYy5VnXV3VSd2D328Zb+9dEq5HE6bw6+N86JVPExrA6O68OPwobntbNJ0pzCpUFZTo3w0GyetQ==}
    engines: {node: '>=12'}
    cpu: [mips64el]
    os: [linux]
    requiresBuild: true
    dev: true
    optional: true

  /@esbuild/linux-ppc64/0.18.20:
    resolution: {integrity: sha512-WHPyeScRNcmANnLQkq6AfyXRFr5D6N2sKgkFo2FqguP44Nw2eyDlbTdZwd9GYk98DZG9QItIiTlFLHJHjxP3FA==}
    engines: {node: '>=12'}
    cpu: [ppc64]
    os: [linux]
    requiresBuild: true
    dev: true
    optional: true

  /@esbuild/linux-riscv64/0.18.20:
    resolution: {integrity: sha512-WSxo6h5ecI5XH34KC7w5veNnKkju3zBRLEQNY7mv5mtBmrP/MjNBCAlsM2u5hDBlS3NGcTQpoBvRzqBcRtpq1A==}
    engines: {node: '>=12'}
    cpu: [riscv64]
    os: [linux]
    requiresBuild: true
    dev: true
    optional: true

  /@esbuild/linux-s390x/0.18.20:
    resolution: {integrity: sha512-+8231GMs3mAEth6Ja1iK0a1sQ3ohfcpzpRLH8uuc5/KVDFneH6jtAJLFGafpzpMRO6DzJ6AvXKze9LfFMrIHVQ==}
    engines: {node: '>=12'}
    cpu: [s390x]
    os: [linux]
    requiresBuild: true
    dev: true
    optional: true

  /@esbuild/linux-x64/0.18.20:
    resolution: {integrity: sha512-UYqiqemphJcNsFEskc73jQ7B9jgwjWrSayxawS6UVFZGWrAAtkzjxSqnoclCXxWtfwLdzU+vTpcNYhpn43uP1w==}
    engines: {node: '>=12'}
    cpu: [x64]
    os: [linux]
    requiresBuild: true
    dev: true
    optional: true

  /@esbuild/netbsd-x64/0.18.20:
    resolution: {integrity: sha512-iO1c++VP6xUBUmltHZoMtCUdPlnPGdBom6IrO4gyKPFFVBKioIImVooR5I83nTew5UOYrk3gIJhbZh8X44y06A==}
    engines: {node: '>=12'}
    cpu: [x64]
    os: [netbsd]
    requiresBuild: true
    dev: true
    optional: true

  /@esbuild/openbsd-x64/0.18.20:
    resolution: {integrity: sha512-e5e4YSsuQfX4cxcygw/UCPIEP6wbIL+se3sxPdCiMbFLBWu0eiZOJ7WoD+ptCLrmjZBK1Wk7I6D/I3NglUGOxg==}
    engines: {node: '>=12'}
    cpu: [x64]
    os: [openbsd]
    requiresBuild: true
    dev: true
    optional: true

  /@esbuild/sunos-x64/0.18.20:
    resolution: {integrity: sha512-kDbFRFp0YpTQVVrqUd5FTYmWo45zGaXe0X8E1G/LKFC0v8x0vWrhOWSLITcCn63lmZIxfOMXtCfti/RxN/0wnQ==}
    engines: {node: '>=12'}
    cpu: [x64]
    os: [sunos]
    requiresBuild: true
    dev: true
    optional: true

  /@esbuild/win32-arm64/0.18.20:
    resolution: {integrity: sha512-ddYFR6ItYgoaq4v4JmQQaAI5s7npztfV4Ag6NrhiaW0RrnOXqBkgwZLofVTlq1daVTQNhtI5oieTvkRPfZrePg==}
    engines: {node: '>=12'}
    cpu: [arm64]
    os: [win32]
    requiresBuild: true
    dev: true
    optional: true

  /@esbuild/win32-ia32/0.18.20:
    resolution: {integrity: sha512-Wv7QBi3ID/rROT08SABTS7eV4hX26sVduqDOTe1MvGMjNd3EjOz4b7zeexIR62GTIEKrfJXKL9LFxTYgkyeu7g==}
    engines: {node: '>=12'}
    cpu: [ia32]
    os: [win32]
    requiresBuild: true
    dev: true
    optional: true

  /@esbuild/win32-x64/0.18.20:
    resolution: {integrity: sha512-kTdfRcSiDfQca/y9QIkng02avJ+NCaQvrMejlsB3RRv5sE9rRoeBPISaZpKxHELzRxZyLvNts1P27W3wV+8geQ==}
    engines: {node: '>=12'}
    cpu: [x64]
    os: [win32]
    requiresBuild: true
    dev: true
    optional: true

  /@jridgewell/sourcemap-codec/1.5.5:
    resolution: {integrity: sha512-cYQ9310grqxueWbl+WuIUIaiUaDcj7WOq5fVhEljNVgRfOUhY9fy2zTvfoqWsnebh8Sl70VScFbICvJnLKB0Og==}

  /@simonwep/pickr/1.8.2:
    resolution: {integrity: sha512-/l5w8BIkrpP6n1xsetx9MWPWlU6OblN5YgZZphxan0Tq4BByTCETL6lyIeY8lagalS2Nbt4F2W034KHLIiunKA==}
    dependencies:
      core-js: 3.49.0
      nanopop: 2.4.2
    dev: false

  /@vitejs/plugin-vue/4.6.2_vite@4.5.14+vue@3.5.34:
    resolution: {integrity: sha512-kqf7SGFoG+80aZG6Pf+gsZIVvGSCKE98JbiWqcCV9cThtg91Jav0yvYFC9Zb+jKetNGF6ZKeoaxgZfND21fWKw==}
    engines: {node: ^14.18.0 || >=16.0.0}
    peerDependencies:
      vite: ^4.0.0 || ^5.0.0
      vue: ^3.2.25
    dependencies:
      vite: 4.5.14
      vue: 3.5.34
    dev: true

  /@vue/compiler-core/3.5.34:
    resolution: {integrity: sha512-s9cLyK5mLcvZ4Agva5QgRsQyLKvts9WbU9DB6NqiZkkGEdwmcEiylj5Jbwkp680drF/NNCV8OlAJSe+yMLxaJw==}
    dependencies:
      '@babel/parser': 7.29.3
      '@vue/shared': 3.5.34
      entities: 7.0.1
      estree-walker: 2.0.2
      source-map-js: 1.2.1

  /@vue/compiler-dom/3.5.34:
    resolution: {integrity: sha512-EbF/T++k0e2MMZlJsBhzK8Sgwt0HcIPOhzn1CTB/lv6sQcyk+OWf8YeiLxZp3ro7MbbLcAfAJ6sEvjFWuNgUCw==}
    dependencies:
      '@vue/compiler-core': 3.5.34
      '@vue/shared': 3.5.34

  /@vue/compiler-sfc/3.5.34:
    resolution: {integrity: sha512-D/ihr6uZeIt6r+pVZf46RWT1fAsLFMbUP7k8G1VkiiWexriED9GrX3echHd4Abbt17zjlfiFJ8z7a3BxZOPNjg==}
    dependencies:
      '@babel/parser': 7.29.3
      '@vue/compiler-core': 3.5.34
      '@vue/compiler-dom': 3.5.34
      '@vue/compiler-ssr': 3.5.34
      '@vue/shared': 3.5.34
      estree-walker: 2.0.2
      magic-string: 0.30.21
      postcss: 8.5.14
      source-map-js: 1.2.1

  /@vue/compiler-ssr/3.5.34:
    resolution: {integrity: sha512-cDtTHKibkThKGHH1SP+WdccquNRYQDFH6rRjQCqT9G2ltFAfoR5pUftpab/z+aM5mW9HLLVQW7hfKKQe/1GBeQ==}
    dependencies:
      '@vue/compiler-dom': 3.5.34
      '@vue/shared': 3.5.34

  /@vue/reactivity/3.5.34:
    resolution: {integrity: sha512-y9XDjCEuBp+98k+UL5dbYkh57AHU4o6cxZedOPXw3bmrZZYLQsVHguGurq7hVrPCSrQtrnz1f9dssyFr+dMXfQ==}
    dependencies:
      '@vue/shared': 3.5.34

  /@vue/runtime-core/3.5.34:
    resolution: {integrity: sha512-mKeBYvu8tcMSLhypAHBmriUFfWXKTCF/23Z4jiCoYK3UtWepkliViNLuR90V9XOyD62mUxs9p1jsrpK3CCGIzw==}
    dependencies:
      '@vue/reactivity': 3.5.34
      '@vue/shared': 3.5.34

  /@vue/runtime-dom/3.5.34:
    resolution: {integrity: sha512-e8kZzERmCwUnBRVsgSQlAfrfU2rGoy0FFKPBXSlfEjc/O3KfA7QP0t1/2ZylrbchjmIKB4dPTd07A6WPr0eOrg==}
    dependencies:
      '@vue/reactivity': 3.5.34
      '@vue/runtime-core': 3.5.34
      '@vue/shared': 3.5.34
      csstype: 3.2.3

  /@vue/server-renderer/3.5.34_vue@3.5.34:
    resolution: {integrity: sha512-nHxmJoTrKsmrkbILRhkC9gY1G3moZbJTqCzDd7DOOzG5KH9oeJ0Unqrff5f9v0pW//jES05ZkJcNtfE8JjOIew==}
    peerDependencies:
      vue: 3.5.34
    dependencies:
      '@vue/compiler-ssr': 3.5.34
      '@vue/shared': 3.5.34
      vue: 3.5.34

  /@vue/shared/3.5.34:
    resolution: {integrity: sha512-24uqU4OIiX29ryC3MeWid/Xf2fa2EFRUVLb77nRhk+UrTVrh/XiGtFAFmJBAtBRbjwNdsPRP+jj/OL27Eg1NDA==}

  /ant-design-vue/3.2.20_vue@3.5.34:
    resolution: {integrity: sha512-YWpMfGaGoRastIXEYfCoJiaRiDHk4chqtYhlKQM5GqPt6NfvrM1Vg2e60yHtjxlZjed91wCMm0rAmyUr7Hwzdg==}
    engines: {node: '>=12.22.0'}
    peerDependencies:
      vue: '>=3.2.0'
    dependencies:
      '@ant-design/colors': 6.0.0
      '@ant-design/icons-vue': 6.1.0_vue@3.5.34
      '@babel/runtime': 7.29.2
      '@ctrl/tinycolor': 3.6.1
      '@simonwep/pickr': 1.8.2
      array-tree-filter: 2.1.0
      async-validator: 4.2.5
      dayjs: 1.11.20
      dom-align: 1.12.4
      dom-scroll-into-view: 2.0.1
      lodash: 4.18.1
      lodash-es: 4.18.1
      resize-observer-polyfill: 1.5.1
      scroll-into-view-if-needed: 2.2.31
      shallow-equal: 1.2.1
      vue: 3.5.34
      vue-types: 3.0.2_vue@3.5.34
      warning: 4.0.3
    dev: false

  /array-tree-filter/2.1.0:
    resolution: {integrity: sha512-4ROwICNlNw/Hqa9v+rk5h22KjmzB1JGTMVKP2AKJBOCgb0yL0ASf0+YvCcLNNwquOHNX48jkeZIJ3a+oOQqKcw==}
    dev: false

  /async-validator/4.2.5:
    resolution: {integrity: sha512-7HhHjtERjqlNbZtqNqy2rckN/SpOOlmDliet+lP7k+eKZEjPk3DgyeU9lIXLdeLz0uBbbVp+9Qdow9wJWgwwfg==}
    dev: false

  /compute-scroll-into-view/1.0.20:
    resolution: {integrity: sha512-UCB0ioiyj8CRjtrvaceBLqqhZCVP+1B8+NWQhmdsm0VXOJtobBCf1dBQmebCCo34qZmUwZfIH2MZLqNHazrfjg==}
    dev: false

  /core-js/3.49.0:
    resolution: {integrity: sha512-es1U2+YTtzpwkxVLwAFdSpaIMyQaq0PBgm3YD1W3Qpsn1NAmO3KSgZfu+oGSWVu6NvLHoHCV/aYcsE5wiB7ALg==}
    requiresBuild: true
    dev: false

  /csstype/3.2.3:
    resolution: {integrity: sha512-z1HGKcYy2xA8AGQfwrn0PAy+PB7X/GSj3UVJW9qKyn43xWa+gl5nXmU4qqLMRzWVLFC8KusUX8T/0kCiOYpAIQ==}

  /dayjs/1.11.20:
    resolution: {integrity: sha512-YbwwqR/uYpeoP4pu043q+LTDLFBLApUP6VxRihdfNTqu4ubqMlGDLd6ErXhEgsyvY0K6nCs7nggYumAN+9uEuQ==}
    dev: false

  /dom-align/1.12.4:
    resolution: {integrity: sha512-R8LUSEay/68zE5c8/3BDxiTEvgb4xZTF0RKmAHfiEVN3klfIpXfi2/QCoiWPccVQ0J/ZGdz9OjzL4uJEP/MRAw==}
    dev: false

  /dom-scroll-into-view/2.0.1:
    resolution: {integrity: sha512-bvVTQe1lfaUr1oFzZX80ce9KLDlZ3iU+XGNE/bz9HnGdklTieqsbmsLHe+rT2XWqopvL0PckkYqN7ksmm5pe3w==}
    dev: false

  /entities/7.0.1:
    resolution: {integrity: sha512-TWrgLOFUQTH994YUyl1yT4uyavY5nNB5muff+RtWaqNVCAK408b5ZnnbNAUEWLTCpum9w6arT70i1XdQ4UeOPA==}
    engines: {node: '>=0.12'}

  /esbuild/0.18.20:
    resolution: {integrity: sha512-ceqxoedUrcayh7Y7ZX6NdbbDzGROiyVBgC4PriJThBKSVPWnnFHZAkfI1lJT8QFkOwH4qOS2SJkS4wvpGl8BpA==}
    engines: {node: '>=12'}
    hasBin: true
    requiresBuild: true
    optionalDependencies:
      '@esbuild/android-arm': 0.18.20
      '@esbuild/android-arm64': 0.18.20
      '@esbuild/android-x64': 0.18.20
      '@esbuild/darwin-arm64': 0.18.20
      '@esbuild/darwin-x64': 0.18.20
      '@esbuild/freebsd-arm64': 0.18.20
      '@esbuild/freebsd-x64': 0.18.20
      '@esbuild/linux-arm': 0.18.20
      '@esbuild/linux-arm64': 0.18.20
      '@esbuild/linux-ia32': 0.18.20
      '@esbuild/linux-loong64': 0.18.20
      '@esbuild/linux-mips64el': 0.18.20
      '@esbuild/linux-ppc64': 0.18.20
      '@esbuild/linux-riscv64': 0.18.20
      '@esbuild/linux-s390x': 0.18.20
      '@esbuild/linux-x64': 0.18.20
      '@esbuild/netbsd-x64': 0.18.20
      '@esbuild/openbsd-x64': 0.18.20
      '@esbuild/sunos-x64': 0.18.20
      '@esbuild/win32-arm64': 0.18.20
      '@esbuild/win32-ia32': 0.18.20
      '@esbuild/win32-x64': 0.18.20
    dev: true

  /estree-walker/2.0.2:
    resolution: {integrity: sha512-Rfkk/Mp/DL7JVje3u18FxFujQlTNR2q6QfMSMB7AvCBx91NGj/ba3kCfza0f6dVDbw7YlRf/nDrn7pQrCCyQ/w==}

  /fsevents/2.3.3:
    resolution: {integrity: sha512-5xoDfX+fL7faATnagmWPpbFtwh/R77WmMMqqHGS65C3vvB0YHrgF+B1YmZ3441tMj5n63k0212XNoJwzlhffQw==}
    engines: {node: ^8.16.0 || ^10.6.0 || >=11.0.0}
    os: [darwin]
    requiresBuild: true
    dev: true
    optional: true

  /is-plain-object/3.0.1:
    resolution: {integrity: sha512-Xnpx182SBMrr/aBik8y+GuR4U1L9FqMSojwDQwPMmxyC6bvEqly9UBCxhauBF5vNh2gwWJNX6oDV7O+OM4z34g==}
    engines: {node: '>=0.10.0'}
    dev: false

  /js-tokens/4.0.0:
    resolution: {integrity: sha512-RdJUflcE3cUzKiMqQgsCu06FPu9UdIJO0beYbPhHN4k6apgJtifcoCtT9bcxOpYBtpD2kCM6Sbzg4CausW/PKQ==}
    dev: false

  /lodash-es/4.18.1:
    resolution: {integrity: sha512-J8xewKD/Gk22OZbhpOVSwcs60zhd95ESDwezOFuA3/099925PdHJ7OFHNTGtajL3AlZkykD32HykiMo+BIBI8A==}
    dev: false

  /lodash/4.18.1:
    resolution: {integrity: sha512-dMInicTPVE8d1e5otfwmmjlxkZoUpiVLwyeTdUsi/Caj/gfzzblBcCE5sRHV/AsjuCmxWrte2TNGSYuCeCq+0Q==}
    dev: false

  /loose-envify/1.4.0:
    resolution: {integrity: sha512-lyuxPGr/Wfhrlem2CL/UcnUc1zcqKAImBDzukY7Y5F/yQiNdko6+fRLevlw1HgMySw7f611UIY408EtxRSoK3Q==}
    hasBin: true
    dependencies:
      js-tokens: 4.0.0
    dev: false

  /magic-string/0.30.21:
    resolution: {integrity: sha512-vd2F4YUyEXKGcLHoq+TEyCjxueSeHnFxyyjNp80yg0XV4vUhnDer/lvvlqM/arB5bXQN5K2/3oinyCRyx8T2CQ==}
    dependencies:
      '@jridgewell/sourcemap-codec': 1.5.5

  /nanoid/3.3.12:
    resolution: {integrity: sha512-ZB9RH/39qpq5Vu6Y+NmUaFhQR6pp+M2Xt76XBnEwDaGcVAqhlvxrl3B2bKS5D3NH3QR76v3aSrKaF/Kiy7lEtQ==}
    engines: {node: ^10 || ^12 || ^13.7 || ^14 || >=15.0.1}
    hasBin: true

  /nanopop/2.4.2:
    resolution: {integrity: sha512-NzOgmMQ+elxxHeIha+OG/Pv3Oc3p4RU2aBhwWwAqDpXrdTbtRylbRLQztLy8dMMwfl6pclznBdfUhccEn9ZIzw==}
    dev: false

  /picocolors/1.1.1:
    resolution: {integrity: sha512-xceH2snhtb5M9liqDsmEw56le376mTZkEX/jEb/RxNFyegNul7eNslCXP9FDj/Lcu0X8KEyMceP2ntpaHrDEVA==}

  /postcss/8.5.14:
    resolution: {integrity: sha512-SoSL4+OSEtR99LHFZQiJLkT59C5B1amGO1NzTwj7TT1qCUgUO6hxOvzkOYxD+vMrXBM3XJIKzokoERdqQq/Zmg==}
    engines: {node: ^10 || ^12 || >=14}
    dependencies:
      nanoid: 3.3.12
      picocolors: 1.1.1
      source-map-js: 1.2.1

  /resize-observer-polyfill/1.5.1:
    resolution: {integrity: sha512-LwZrotdHOo12nQuZlHEmtuXdqGoOD0OhaxopaNFxWzInpEgaLWoVuAMbTzixuosCx2nEG58ngzW3vxdWoxIgdg==}
    dev: false

  /rollup/3.30.0:
    resolution: {integrity: sha512-kQvGasUgN+AlWGliFn2POSajRQEsULVYFGTvOZmK06d7vCD+YhZztt70kGk3qaeAXeWYL5eO7zx+rAubBc55eA==}
    engines: {node: '>=14.18.0', npm: '>=8.0.0'}
    hasBin: true
    optionalDependencies:
      fsevents: 2.3.3
    dev: true

  /scroll-into-view-if-needed/2.2.31:
    resolution: {integrity: sha512-dGCXy99wZQivjmjIqihaBQNjryrz5rueJY7eHfTdyWEiR4ttYpsajb14rn9s5d4DY4EcY6+4+U/maARBXJedkA==}
    dependencies:
      compute-scroll-into-view: 1.0.20
    dev: false

  /shallow-equal/1.2.1:
    resolution: {integrity: sha512-S4vJDjHHMBaiZuT9NPb616CSmLf618jawtv3sufLl6ivK8WocjAo58cXwbRV1cgqxH0Qbv+iUt6m05eqEa2IRA==}
    dev: false

  /source-map-js/1.2.1:
    resolution: {integrity: sha512-UXWMKhLOwVKb728IUtQPXxfYU+usdybtUrK/8uGE8CQMvrhOpwvzDBwj0QhSL7MQc7vIsISBG8VQ8+IDQxpfQA==}
    engines: {node: '>=0.10.0'}

  /vite/4.5.14:
    resolution: {integrity: sha512-+v57oAaoYNnO3hIu5Z/tJRZjq5aHM2zDve9YZ8HngVHbhk66RStobhb1sqPMIPEleV6cNKYK4eGrAbE9Ulbl2g==}
    engines: {node: ^14.18.0 || >=16.0.0}
    hasBin: true
    peerDependencies:
      '@types/node': '>= 14'
      less: '*'
      lightningcss: ^1.21.0
      sass: '*'
      stylus: '*'
      sugarss: '*'
      terser: ^5.4.0
    peerDependenciesMeta:
      '@types/node':
        optional: true
      less:
        optional: true
      lightningcss:
        optional: true
      sass:
        optional: true
      stylus:
        optional: true
      sugarss:
        optional: true
      terser:
        optional: true
    dependencies:
      esbuild: 0.18.20
      postcss: 8.5.14
      rollup: 3.30.0
    optionalDependencies:
      fsevents: 2.3.3
    dev: true

  /vue-types/3.0.2_vue@3.5.34:
    resolution: {integrity: sha512-IwUC0Aq2zwaXqy74h4WCvFCUtoV0iSWr0snWnE9TnU18S66GAQyqQbRf2qfJtUuiFsBf6qp0MEwdonlwznlcrw==}
    engines: {node: '>=10.15.0'}
    peerDependencies:
      vue: ^3.0.0
    dependencies:
      is-plain-object: 3.0.1
      vue: 3.5.34
    dev: false

  /vue/3.5.34:
    resolution: {integrity: sha512-WdLBG9gm02OgJIG9axd5Hpx0TFLdzVgfG2evFFu8Rur5O/IoGc5cMjnjh3tPL6GnRGsYvUhBSKVPYVcxRKpMCA==}
    peerDependencies:
      typescript: '*'
    peerDependenciesMeta:
      typescript:
        optional: true
    dependencies:
      '@vue/compiler-dom': 3.5.34
      '@vue/compiler-sfc': 3.5.34
      '@vue/runtime-dom': 3.5.34
      '@vue/server-renderer': 3.5.34_vue@3.5.34
      '@vue/shared': 3.5.34

  /warning/4.0.3:
    resolution: {integrity: sha512-rpJyN222KWIvHJ/F53XSZv0Zl/accqHR8et1kpaMTD/fLCRxtV8iX8czMzY7sVZupTI3zcUTg8eycS2kNF9l6w==}
    dependencies:
      loose-envify: 1.4.0
    dev: false
